// !$*UTF8*$!
{
	archiveVersion = 1;
	classes = {
	};
	objectVersion = 77;
	objects = {

/* Begin PBXBuildFile section */
		6BB6A0C42E72F2F900E81B51 /* AppDelegate.swift in Sources */ = {isa = PBXBuildFile; fileRef = 6BB6A0BD2E72F2F900E81B51 /* AppDelegate.swift */; };
		6BB6A0C52E72F2F900E81B51 /* ViewController.swift in Sources */ = {isa = PBXBuildFile; fileRef = 6BB6A0C22E72F2F900E81B51 /* ViewController.swift */; };
		6BB6A0C62E72F2F900E81B51 /* Assets.xcassets in Resources */ = {isa = PBXBuildFile; fileRef = 6BB6A0BE2E72F2F900E81B51 /* Assets.xcassets */; };
		6BB6A0C72E72F2F900E81B51 /* Main.storyboard in Resources */ = {isa = PBXBuildFile; fileRef = 6BB6A0C12E72F2F900E81B51 /* Main.storyboard */; };
		6BB6A0CD2E72F32600E81B51 /* LCSearchFieldCell.swift in Sources */ = {isa = PBXBuildFile; fileRef = 6BB6A0C92E72F32600E81B51 /* LCSearchFieldCell.swift */; };
		6BB6A0CE2E72F32600E81B51 /* NSImage+Color.swift in Sources */ = {isa = PBXBuildFile; fileRef = 6BB6A0CA2E72F32600E81B51 /* NSImage+Color.swift */; };
		6BB6A0CF2E72F32600E81B51 /* NSTextField+Extension.swift in Sources */ = {isa = PBXBuildFile; fileRef = 6BB6A0CB2E72F32600E81B51 /* NSTextField+Extension.swift */; };
		6BB6A0D02E72F32600E81B51 /* LCSearchField.swift in Sources */ = {isa = PBXBuildFile; fileRef = 6BB6A0C82E72F32600E81B51 /* LCSearchField.swift */; };
/* End PBXBuildFile section */

/* Begin PBXFileReference section */
		6BB6A0AB2E72F2EE00E81B51 /* LCSearchFieldDemo.app */ = {isa = PBXFileReference; explicitFileType = wrapper.application; includeInIndex = 0; path = LCSearchFieldDemo.app; sourceTree = BUILT_PRODUCTS_DIR; };
		6BB6A0BD2E72F2F900E81B51 /* AppDelegate.swift */ = {isa = PBXFileReference; lastKnownFileType = sourcecode.swift; path = AppDelegate.swift; sourceTree = "<group>"; };
		6BB6A0BE2E72F2F900E81B51 /* Assets.xcassets */ = {isa = PBXFileReference; lastKnownFileType = folder.assetcatalog; path = Assets.xcassets; sourceTree = "<group>"; };
		6BB6A0BF2E72F2F900E81B51 /* LCSearchFieldDemo.entitlements */ = {isa = PBXFileReference; lastKnownFileType = text.plist.entitlements; path = LCSearchFieldDemo.entitlements; sourceTree = "<group>"; };
		6BB6A0C02E72F2F900E81B51 /* Base */ = {isa = PBXFileReference; lastKnownFileType = file.storyboard; name = Base; path = Base.lproj/Main.storyboard; sourceTree = "<group>"; };
		6BB6A0C22E72F2F900E81B51 /* ViewController.swift */ = {isa = PBXFileReference; lastKnownFileType = sourcecode.swift; path = ViewController.swift; sourceTree = "<group>"; };
		6BB6A0C82E72F32600E81B51 /* LCSearchField.swift */ = {isa = PBXFileReference; lastKnownFileType = sourcecode.swift; path = LCSearchField.swift; sourceTree = "<group>"; };
		6BB6A0C92E72F32600E81B51 /* LCSearchFieldCell.swift */ = {isa = PBXFileReference; lastKnownFileType = sourcecode.swift; path = LCSearchFieldCell.swift; sourceTree = "<group>"; };
		6BB6A0CA2E72F32600E81B51 /* NSImage+Color.swift */ = {isa = PBXFileReference; lastKnownFileType = sourcecode.swift; path = "NSImage+Color.swift"; sourceTree = "<group>"; };
		6BB6A0CB2E72F32600E81B51 /* NSTextField+Extension.swift */ = {isa = PBXFileReference; lastKnownFileType = sourcecode.swift; path = "NSTextField+Extension.swift"; sourceTree = "<group>"; };
/* End PBXFileReference section */

/* Begin PBXFrameworksBuildPhase section */
		6BB6A0A82E72F2EE00E81B51 /* Frameworks */ = {
			isa = PBXFrameworksBuildPhase;
			buildActionMask = 2147483647;
			files = (
			);
			runOnlyForDeploymentPostprocessing = 0;
		};
/* End PBXFrameworksBuildPhase section */

/* Begin PBXGroup section */
		6BB6A0A22E72F2EE00E81B51 = {
			isa = PBXGroup;
			children = (
				6BB6A0C32E72F2F900E81B51 /* LCSearchFieldDemo */,
				6BB6A0AC2E72F2EE00E81B51 /* Products */,
			);
			sourceTree = "<group>";
		};
		6BB6A0AC2E72F2EE00E81B51 /* Products */ = {
			isa = PBXGroup;
			children = (
				6BB6A0AB2E72F2EE00E81B51 /* LCSearchFieldDemo.app */,
			);
			name = Products;
			sourceTree = "<group>";
		};
		6BB6A0C32E72F2F900E81B51 /* LCSearchFieldDemo */ = {
			isa = PBXGroup;
			children = (
				6BB6A0BD2E72F2F900E81B51 /* AppDelegate.swift */,
				6BB6A0BE2E72F2F900E81B51 /* Assets.xcassets */,
				6BB6A0BF2E72F2F900E81B51 /* LCSearchFieldDemo.entitlements */,
				6BB6A0C12E72F2F900E81B51 /* Main.storyboard */,
				6BB6A0C22E72F2F900E81B51 /* ViewController.swift */,
				6BB6A0CC2E72F32600E81B51 /* LCSearchField */,
			);
			path = LCSearchFieldDemo;
			sourceTree = "<group>";
		};
		6BB6A0CC2E72F32600E81B51 /* LCSearchField */ = {
			isa = PBXGroup;
			children = (
				6BB6A0C82E72F32600E81B51 /* LCSearchField.swift */,
				6BB6A0C92E72F32600E81B51 /* LCSearchFieldCell.swift */,
				6BB6A0CA2E72F32600E81B51 /* NSImage+Color.swift */,
				6BB6A0CB2E72F32600E81B51 /* NSTextField+Extension.swift */,
			);
			name = LCSearchField;
			path = /Users/liuchuan/Documents/GitHub/LCSearchField/Sources/LCSearchField;
			sourceTree = "<absolute>";
		};
/* End PBXGroup section */

/* Begin PBXNativeTarget section */
		6BB6A0AA2E72F2EE00E81B51 /* LCSearchFieldDemo */ = {
			isa = PBXNativeTarget;
			buildConfigurationList = 6BB6A0BA2E72F2F000E81B51 /* Build configuration list for PBXNativeTarget "LCSearchFieldDemo" */;
			buildPhases = (
				6BB6A0A72E72F2EE00E81B51 /* Sources */,
				6BB6A0A82E72F2EE00E81B51 /* Frameworks */,
				6BB6A0A92E72F2EE00E81B51 /* Resources */,
			);
			buildRules = (
			);
			dependencies = (
			);
			name = LCSearchFieldDemo;
			packageProductDependencies = (
			);
			productName = LCSearchFieldDemo;
			productReference = 6BB6A0AB2E72F2EE00E81B51 /* LCSearchFieldDemo.app */;
			productType = "com.apple.product-type.application";
		};
/* End PBXNativeTarget section */

/* Begin PBXProject section */
		6BB6A0A32E72F2EE00E81B51 /* Project object */ = {
			isa = PBXProject;
			attributes = {
				BuildIndependentTargetsInParallel = 1;
				LastSwiftUpdateCheck = 1620;
				LastUpgradeCheck = 1620;
				TargetAttributes = {
					6BB6A0AA2E72F2EE00E81B51 = {
						CreatedOnToolsVersion = 16.2;
					};
				};
			};
			buildConfigurationList = 6BB6A0A62E72F2EE00E81B51 /* Build configuration list for PBXProject "LCSearchFieldDemo" */;
			developmentRegion = en;
			hasScannedForEncodings = 0;
			knownRegions = (
				en,
				Base,
			);
			mainGroup = 6BB6A0A22E72F2EE00E81B51;
			minimizedProjectReferenceProxies = 1;
			preferredProjectObjectVersion = 77;
			productRefGroup = 6BB6A0AC2E72F2EE00E81B51 /* Products */;
			projectDirPath = "";
			projectRoot = "";
			targets = (
				6BB6A0AA2E72F2EE00E81B51 /* LCSearchFieldDemo */,
			);
		};
/* End PBXProject section */

/* Begin PBXResourcesBuildPhase section */
		6BB6A0A92E72F2EE00E81B51 /* Resources */ = {
			isa = PBXResourcesBuildPhase;
			buildActionMask = 2147483647;
			files = (
				6BB6A0C62E72F2F900E81B51 /* Assets.xcassets in Resources */,
				6BB6A0C72E72F2F900E81B51 /* Main.storyboard in Resources */,
			);
			runOnlyForDeploymentPostprocessing = 0;
		};
/* End PBXResourcesBuildPhase section */

/* Begin PBXSourcesBuildPhase section */
		6BB6A0A72E72F2EE00E81B51 /* Sources */ = {
			isa = PBXSourcesBuildPhase;
			buildActionMask = 2147483647;
			files = (
				6BB6A0C42E72F2F900E81B51 /* AppDelegate.swift in Sources */,
				6BB6A0CD2E72F32600E81B51 /* LCSearchFieldCell.swift in Sources */,
				6BB6A0CE2E72F32600E81B51 /* NSImage+Color.swift in Sources */,
				6BB6A0CF2E72F32600E81B51 /* NSTextField+Extension.swift in Sources */,
				6BB6A0D02E72F32600E81B51 /* LCSearchField.swift in Sources */,
				6BB6A0C52E72F2F900E81B51 /* ViewController.swift in Sources */,
			);
			runOnlyForDeploymentPostprocessing = 0;
		};
/* End PBXSourcesBuildPhase section */

/* Begin PBXVariantGroup section */
		6BB6A0C12E72F2F900E81B51 /* Main.storyboard */ = {
			isa = PBXVariantGroup;
			children = (
				6BB6A0C02E72F2F900E81B51 /* Base */,
			);
			name = Main.storyboard;
			sourceTree = "<group>";
		};
/* End PBXVariantGroup section */

/* Begin XCBuildConfiguration section */
		6BB6A0B82E72F2F000E81B51 /* Debug */ = {
			isa = XCBuildConfiguration;
			buildSettings = {
				ALWAYS_SEARCH_USER_PATHS = NO;
				ASSETCATALOG_COMPILER_GENERATE_SWIFT_ASSET_SYMBOL_EXTENSIONS = YES;
				CLANG_ANALYZER_NONNULL = YES;
				CLANG_ANALYZER_NUMBER_OBJECT_CONVERSION = YES_AGGRESSIVE;
				CLANG_CXX_LANGUAGE_STANDARD = "gnu++20";
				CLANG_ENABLE_MODULES = YES;
				CLANG_ENABLE_OBJC_ARC = YES;
				CLANG_ENABLE_OBJC_WEAK = YES;
				CLANG_WARN_BLOCK_CAPTURE_AUTORELEASING = YES;
				CLANG_WARN_BOOL_CONVERSION = YES;
				CLANG_WARN_COMMA = YES;
				CLANG_WARN_CONSTANT_CONVERSION = YES;
				CLANG_WARN_DEPRECATED_OBJC_IMPLEMENTATIONS = YES;
				CLANG_WARN_DIRECT_OBJC_ISA_USAGE = YES_ERROR;
				CLANG_WARN_DOCUMENTATION_COMMENTS = YES;
				CLANG_WARN_EMPTY_BODY = YES;
				CLANG_WARN_ENUM_CONVERSION = YES;
				CLANG_WARN_INFINITE_RECURSION = YES;
				CLANG_WARN_INT_CONVERSION = YES;
				CLANG_WARN_NON_LITERAL_NULL_CONVERSION = YES;
				CLANG_WARN_OBJC_IMPLICIT_RETAIN_SELF = YES;
				CLANG_WARN_OBJC_LITERAL_CONVERSION = YES;
				CLANG_WARN_OBJC_ROOT_CLASS = YES_ERROR;
				CLANG_WARN_QUOTED_INCLUDE_IN_FRAMEWORK_HEADER = YES;
				CLANG_WARN_RANGE_LOOP_ANALYSIS = YES;
				CLANG_WARN_STRICT_PROTOTYPES = YES;
				CLANG_WARN_SUSPICIOUS_MOVE = YES;
				CLANG_WARN_UNGUARDED_AVAILABILITY = YES_AGGRESSIVE;
				CLANG_WARN_UNREACHABLE_CODE = YES;
				CLANG_WARN__DUPLICATE_METHOD_MATCH = YES;
				COPY_PHASE_STRIP = NO;
				DEBUG_INFORMATION_FORMAT = dwarf;
				ENABLE_STRICT_OBJC_MSGSEND = YES;
				ENABLE_TESTABILITY = YES;
				ENABLE_USER_SCRIPT_SANDBOXING = YES;
				GCC_C_LANGUAGE_STANDARD = gnu17;
				GCC_DYNAMIC_NO_PIC = NO;
				GCC_NO_COMMON_BLOCKS = YES;
				GCC_OPTIMIZATION_LEVEL = 0;
				GCC_PREPROCESSOR_DEFINITIONS = (
					"DEBUG=1",
					"$(inherited)",
				);
				GCC_WARN_64_TO_32_BIT_CONVERSION = YES;
				GCC_WARN_ABOUT_RETURN_TYPE = YES_ERROR;
				GCC_WARN_UNDECLARED_SELECTOR = YES;
				GCC_WARN_UNINITIALIZED_AUTOS = YES_AGGRESSIVE;
				GCC_WARN_UNUSED_FUNCTION = YES;
				GCC_WARN_UNUSED_VARIABLE = YES;
				LOCALIZATION_PREFERS_STRING_CATALOGS = YES;
				MACOSX_DEPLOYMENT_TARGET = 15.2;
				MTL_ENABLE_DEBUG_INFO = INCLUDE_SOURCE;
				MTL_FAST_MATH = YES;
				ONLY_ACTIVE_ARCH = YES;
				SDKROOT = macosx;
				SWIFT_ACTIVE_COMPILATION_CONDITIONS = "DEBUG $(inherited)";
				SWIFT_OPTIMIZATION_LEVEL = "-Onone";
			};
			name = Debug;
		};
		6BB6A0B92E72F2F000E81B51 /* Release */ = {
			isa = XCBuildConfiguration;
			buildSettings = {
				ALWAYS_SEARCH_USER_PATHS = NO;
				ASSETCATALOG_COMPILER_GENERATE_SWIFT_ASSET_SYMBOL_EXTENSIONS = YES;
				CLANG_ANALYZER_NONNULL = YES;
				CLANG_ANALYZER_NUMBER_OBJECT_CONVERSION = YES_AGGRESSIVE;
				CLANG_CXX_LANGUAGE_STANDARD = "gnu++20";
				CLANG_ENABLE_MODULES = YES;
				CLANG_ENABLE_OBJC_ARC = YES;
				CLANG_ENABLE_OBJC_WEAK = YES;
				CLANG_WARN_BLOCK_CAPTURE_AUTORELEASING = YES;
				CLANG_WARN_BOOL_CONVERSION = YES;
				CLANG_WARN_COMMA = YES;
				CLANG_WARN_CONSTANT_CONVERSION = YES;
				CLANG_WARN_DEPRECATED_OBJC_IMPLEMENTATIONS = YES;
				CLANG_WARN_DIRECT_OBJC_ISA_USAGE = YES_ERROR;
				CLANG_WARN_DOCUMENTATION_COMMENTS = YES;
				CLANG_WARN_EMPTY_BODY = YES;
				CLANG_WARN_ENUM_CONVERSION = YES;
				CLANG_WARN_INFINITE_RECURSION = YES;
				CLANG_WARN_INT_CONVERSION = YES;
				CLANG_WARN_NON_LITERAL_NULL_CONVERSION = YES;
				CLANG_WARN_OBJC_IMPLICIT_RETAIN_SELF = YES;
				CLANG_WARN_OBJC_LITERAL_CONVERSION = YES;
				CLANG_WARN_OBJC_ROOT_CLASS = YES_ERROR;
				CLANG_WARN_QUOTED_INCLUDE_IN_FRAMEWORK_HEADER = YES;
				CLANG_WARN_RANGE_LOOP_ANALYSIS = YES;
				CLANG_WARN_STRICT_PROTOTYPES = YES;
				CLANG_WARN_SUSPICIOUS_MOVE = YES;
				CLANG_WARN_UNGUARDED_AVAILABILITY = YES_AGGRESSIVE;
				CLANG_WARN_UNREACHABLE_CODE = YES;
				CLANG_WARN__DUPLICATE_METHOD_MATCH = YES;
				COPY_PHASE_STRIP = NO;
				DEBUG_INFORMATION_FORMAT = "dwarf-with-dsym";
				ENABLE_NS_ASSERTIONS = NO;
				ENABLE_STRICT_OBJC_MSGSEND = YES;
				ENABLE_USER_SCRIPT_SANDBOXING = YES;
				GCC_C_LANGUAGE_STANDARD = gnu17;
				GCC_NO_COMMON_BLOCKS = YES;
				GCC_WARN_64_TO_32_BIT_CONVERSION = YES;
				GCC_WARN_ABOUT_RETURN_TYPE = YES_ERROR;
				GCC_WARN_UNDECLARED_SELECTOR = YES;
				GCC_WARN_UNINITIALIZED_AUTOS = YES_AGGRESSIVE;
				GCC_WARN_UNUSED_FUNCTION = YES;
				GCC_WARN_UNUSED_VARIABLE = YES;
				LOCALIZATION_PREFERS_STRING_CATALOGS = YES;
				MACOSX_DEPLOYMENT_TARGET = 15.2;
				MTL_ENABLE_DEBUG_INFO = NO;
				MTL_FAST_MATH = YES;
				SDKROOT = macosx;
				SWIFT_COMPILATION_MODE = wholemodule;
			};
			name = Release;
		};
		6BB6A0BB2E72F2F000E81B51 /* Debug */ = {
			isa = XCBuildConfiguration;
			buildSettings = {
				ASSETCATALOG_COMPILER_APPICON_NAME = AppIcon;
				ASSETCATALOG_COMPILER_GLOBAL_ACCENT_COLOR_NAME = AccentColor;
				CODE_SIGN_ENTITLEMENTS = LCSearchFieldDemo/LCSearchFieldDemo.entitlements;
				CODE_SIGN_STYLE = Automatic;
				COMBINE_HIDPI_IMAGES = YES;
				CURRENT_PROJECT_VERSION = 1;
				DEVELOPMENT_TEAM = QTU7D3WQQ9;
				ENABLE_HARDENED_RUNTIME = YES;
				GENERATE_INFOPLIST_FILE = YES;
				INFOPLIST_KEY_NSHumanReadableCopyright = "";
				INFOPLIST_KEY_NSMainStoryboardFile = Main;
				INFOPLIST_KEY_NSPrincipalClass = NSApplication;
				LD_RUNPATH_SEARCH_PATHS = (
					"$(inherited)",
					"@executable_path/../Frameworks",
				);
				MACOSX_DEPLOYMENT_TARGET = 10.15;
				MARKETING_VERSION = 1.0;
				PRODUCT_BUNDLE_IDENTIFIER = com.devliusir.LCSearchFieldDemo;
				PRODUCT_NAME = "$(TARGET_NAME)";
				SWIFT_EMIT_LOC_STRINGS = YES;
				SWIFT_VERSION = 5.0;
			};
			name = Debug;
		};
		6BB6A0BC2E72F2F000E81B51 /* Release */ = {
			isa = XCBuildConfiguration;
			buildSettings = {
				ASSETCATALOG_COMPILER_APPICON_NAME = AppIcon;
				ASSETCATALOG_COMPILER_GLOBAL_ACCENT_COLOR_NAME = AccentColor;
				CODE_SIGN_ENTITLEMENTS = LCSearchFieldDemo/LCSearchFieldDemo.entitlements;
				CODE_SIGN_STYLE = Automatic;
				COMBINE_HIDPI_IMAGES = YES;
				CURRENT_PROJECT_VERSION = 1;
				DEVELOPMENT_TEAM = QTU7D3WQQ9;
				ENABLE_HARDENED_RUNTIME = YES;
				GENERATE_INFOPLIST_FILE = YES;
				INFOPLIST_KEY_NSHumanReadableCopyright = "";
				INFOPLIST_KEY_NSMainStoryboardFile = Main;
				INFOPLIST_KEY_NSPrincipalClass = NSApplication;
				LD_RUNPATH_SEARCH_PATHS = (
					"$(inherited)",
					"@executable_path/../Frameworks",
				);
				MACOSX_DEPLOYMENT_TARGET = 10.15;
				MARKETING_VERSION = 1.0;
				PRODUCT_BUNDLE_IDENTIFIER = com.devliusir.LCSearchFieldDemo;
				PRODUCT_NAME = "$(TARGET_NAME)";
				SWIFT_EMIT_LOC_STRINGS = YES;
				SWIFT_VERSION = 5.0;
			};
			name = Release;
		};
/* End XCBuildConfiguration section */

/* Begin XCConfigurationList section */
		6BB6A0A62E72F2EE00E81B51 /* Build configuration list for PBXProject "LCSearchFieldDemo" */ = {
			isa = XCConfigurationList;
			buildConfigurations = (
				6BB6A0B82E72F2F000E81B51 /* Debug */,
				6BB6A0B92E72F2F000E81B51 /* Release */,
			);
			defaultConfigurationIsVisible = 0;
			defaultConfigurationName = Release;
		};
		6BB6A0BA2E72F2F000E81B51 /* Build configuration list for PBXNativeTarget "LCSearchFieldDemo" */ = {
			isa = XCConfigurationList;
			buildConfigurations = (
				6BB6A0BB2E72F2F000E81B51 /* Debug */,
				6BB6A0BC2E72F2F000E81B51 /* Release */,
			);
			defaultConfigurationIsVisible = 0;
			defaultConfigurationName = Release;
		};
/* End XCConfigurationList section */
	};
	rootObject = 6BB6A0A32E72F2EE00E81B51 /* Project object */;
}
